
Microsoft Visual Studio Solution File, Format Version 12.00
# Visual Studio 14
VisualStudioVersion = 14.0.25420.1
MinimumVisualStudioVersion = 10.0.40219.1
Project("{8BC9CEB8-8B4A-11D0-8D11-00A0C91BC942}") = "7-9", "7-9\7-9.vcxproj", "{7BA2C1F3-DA16-4ED3-92DC-23418BE37A0B}"
EndProject
Project("{8BC9CEB8-8B4A-11D0-8D11-00A0C91BC942}") = "7-10", "7-10\7-10.vcxproj", "{FB325A65-9FFE-4300-86BB-AD93E43F71DC}"
EndProject
Project("{8BC9CEB8-8B4A-11D0-8D11-00A0C91BC942}") = "7-11", "7-11\7-11.vcxproj", "{02BF8607-070B-4737-BCCA-DD3118CFB6AF}"
EndProject
Project("{8BC9CEB8-8B4A-11D0-8D11-00A0C91BC942}") = "7-12", "7-12\7-12.vcxproj", "{DD55B79C-C213-4958-996A-7C4BB88DB8CB}"
EndProject
Project("{8BC9CEB8-8B4A-11D0-8D11-00A0C91BC942}") = "7-14", "7-14\7-14.vcxproj", "{3F167C79-E6AE-461B-AEF0-05BA7DC4CDD4}"
EndProject
Project("{8BC9CEB8-8B4A-11D0-8D11-00A0C91BC942}") = "7-15", "7-15\7-15.vcxproj", "{B246418C-0057-44D7-AACD-CD466F84BF0C}"
EndProject
Project("{8BC9CEB8-8B4A-11D0-8D11-00A0C91BC942}") = "7-17", "7-17\7-17.vcxproj", "{C1F8BCFA-6ECC-4727-87EB-AEBC22E1D4B1}"
EndProject
Project("{8BC9CEB8-8B4A-11D0-8D11-00A0C91BC942}") = "7-18", "7-18\7-18.vcxproj", "{54655487-CDAA-45F3-AAD5-438753864533}"
EndProject
Project("{8BC9CEB8-8B4A-11D0-8D11-00A0C91BC942}") = "8-1", "8-1\8-1.vcxproj", "{13201053-B121-476E-81EF-FB6A2344AD71}"
EndProject
Project("{8BC9CEB8-8B4A-11D0-8D11-00A0C91BC942}") = "8-2", "8-2\8-2.vcxproj", "{7A2E2853-760C-4CA5-8DC7-799D29E5599D}"
EndProject
Project("{8BC9CEB8-8B4A-11D0-8D11-00A0C91BC942}") = "8-3", "8-3\8-3.vcxproj", "{78CCAE4C-3240-4221-A892-91E0A7F6FA5B}"
EndProject
Project("{8BC9CEB8-8B4A-11D0-8D11-00A0C91BC942}") = "8-6", "8-6\8-6.vcxproj", "{0A6CC156-016B-4882-8E84-5E63639F3BC1}"
EndProject
Project("{8BC9CEB8-8B4A-11D0-8D11-00A0C91BC942}") = "8-9", "8-9\8-9.vcxproj", "{61684852-1593-42A7-AF80-059EB3F711E8}"
EndProject
Project("{8BC9CEB8-8B4A-11D0-8D11-00A0C91BC942}") = "8-10", "8-10\8-10.vcxproj", "{7F770F87-C320-44B8-A634-FADECF4262C3}"
EndProject
Project("{8BC9CEB8-8B4A-11D0-8D11-00A0C91BC942}") = "8-11", "8-11\8-11.vcxproj", "{E74A2EF6-704F-4263-817E-0D2D5F11637E}"
EndProject
Project("{8BC9CEB8-8B4A-11D0-8D11-00A0C91BC942}") = "8-12", "8-12\8-12.vcxproj", "{CD0945C2-3C59-4BD3-B872-CF5250367A40}"
EndProject
Project("{8BC9CEB8-8B4A-11D0-8D11-00A0C91BC942}") = "8-13", "8-13\8-13.vcxproj", "{B11E62F7-ACBD-4922-A983-546482557143}"
EndProject
Global
	GlobalSection(SolutionConfigurationPlatforms) = preSolution
		Debug|x64 = Debug|x64
		Debug|x86 = Debug|x86
		Release|x64 = Release|x64
		Release|x86 = Release|x86
	EndGlobalSection
	GlobalSection(ProjectConfigurationPlatforms) = postSolution
		{7BA2C1F3-DA16-4ED3-92DC-23418BE37A0B}.Debug|x64.ActiveCfg = Debug|x64
		{7BA2C1F3-DA16-4ED3-92DC-23418BE37A0B}.Debug|x64.Build.0 = Debug|x64
		{7BA2C1F3-DA16-4ED3-92DC-23418BE37A0B}.Debug|x86.ActiveCfg = Debug|Win32
		{7BA2C1F3-DA16-4ED3-92DC-23418BE37A0B}.Debug|x86.Build.0 = Debug|Win32
		{7BA2C1F3-DA16-4ED3-92DC-23418BE37A0B}.Release|x64.ActiveCfg = Release|x64
		{7BA2C1F3-DA16-4ED3-92DC-23418BE37A0B}.Release|x64.Build.0 = Release|x64
		{7BA2C1F3-DA16-4ED3-92DC-23418BE37A0B}.Release|x86.ActiveCfg = Release|Win32
		{7BA2C1F3-DA16-4ED3-92DC-23418BE37A0B}.Release|x86.Build.0 = Release|Win32
		{FB325A65-9FFE-4300-86BB-AD93E43F71DC}.Debug|x64.ActiveCfg = Debug|x64
		{FB325A65-9FFE-4300-86BB-AD93E43F71DC}.Debug|x64.Build.0 = Debug|x64
		{FB325A65-9FFE-4300-86BB-AD93E43F71DC}.Debug|x86.ActiveCfg = Debug|Win32
		{FB325A65-9FFE-4300-86BB-AD93E43F71DC}.Debug|x86.Build.0 = Debug|Win32
		{FB325A65-9FFE-4300-86BB-AD93E43F71DC}.Release|x64.ActiveCfg = Release|x64
		{FB325A65-9FFE-4300-86BB-AD93E43F71DC}.Release|x64.Build.0 = Release|x64
		{FB325A65-9FFE-4300-86BB-AD93E43F71DC}.Release|x86.ActiveCfg = Release|Win32
		{FB325A65-9FFE-4300-86BB-AD93E43F71DC}.Release|x86.Build.0 = Release|Win32
		{02BF8607-070B-4737-BCCA-DD3118CFB6AF}.Debug|x64.ActiveCfg = Debug|x64
		{02BF8607-070B-4737-BCCA-DD3118CFB6AF}.Debug|x64.Build.0 = Debug|x64
		{02BF8607-070B-4737-BCCA-DD3118CFB6AF}.Debug|x86.ActiveCfg = Debug|Win32
		{02BF8607-070B-4737-BCCA-DD3118CFB6AF}.Debug|x86.Build.0 = Debug|Win32
		{02BF8607-070B-4737-BCCA-DD3118CFB6AF}.Release|x64.ActiveCfg = Release|x64
		{02BF8607-070B-4737-BCCA-DD3118CFB6AF}.Release|x64.Build.0 = Release|x64
		{02BF8607-070B-4737-BCCA-DD3118CFB6AF}.Release|x86.ActiveCfg = Release|Win32
		{02BF8607-070B-4737-BCCA-DD3118CFB6AF}.Release|x86.Build.0 = Release|Win32
		{DD55B79C-C213-4958-996A-7C4BB88DB8CB}.Debug|x64.ActiveCfg = Debug|x64
		{DD55B79C-C213-4958-996A-7C4BB88DB8CB}.Debug|x64.Build.0 = Debug|x64
		{DD55B79C-C213-4958-996A-7C4BB88DB8CB}.Debug|x86.ActiveCfg = Debug|Win32
		{DD55B79C-C213-4958-996A-7C4BB88DB8CB}.Debug|x86.Build.0 = Debug|Win32
		{DD55B79C-C213-4958-996A-7C4BB88DB8CB}.Release|x64.ActiveCfg = Release|x64
		{DD55B79C-C213-4958-996A-7C4BB88DB8CB}.Release|x64.Build.0 = Release|x64
		{DD55B79C-C213-4958-996A-7C4BB88DB8CB}.Release|x86.ActiveCfg = Release|Win32
		{DD55B79C-C213-4958-996A-7C4BB88DB8CB}.Release|x86.Build.0 = Release|Win32
		{3F167C79-E6AE-461B-AEF0-05BA7DC4CDD4}.Debug|x64.ActiveCfg = Debug|x64
		{3F167C79-E6AE-461B-AEF0-05BA7DC4CDD4}.Debug|x64.Build.0 = Debug|x64
		{3F167C79-E6AE-461B-AEF0-05BA7DC4CDD4}.Debug|x86.ActiveCfg = Debug|Win32
		{3F167C79-E6AE-461B-AEF0-05BA7DC4CDD4}.Debug|x86.Build.0 = Debug|Win32
		{3F167C79-E6AE-461B-AEF0-05BA7DC4CDD4}.Release|x64.ActiveCfg = Release|x64
		{3F167C79-E6AE-461B-AEF0-05BA7DC4CDD4}.Release|x64.Build.0 = Release|x64
		{3F167C79-E6AE-461B-AEF0-05BA7DC4CDD4}.Release|x86.ActiveCfg = Release|Win32
		{3F167C79-E6AE-461B-AEF0-05BA7DC4CDD4}.Release|x86.Build.0 = Release|Win32
		{B246418C-0057-44D7-AACD-CD466F84BF0C}.Debug|x64.ActiveCfg = Debug|x64
		{B246418C-0057-44D7-AACD-CD466F84BF0C}.Debug|x64.Build.0 = Debug|x64
		{B246418C-0057-44D7-AACD-CD466F84BF0C}.Debug|x86.ActiveCfg = Debug|Win32
		{B246418C-0057-44D7-AACD-CD466F84BF0C}.Debug|x86.Build.0 = Debug|Win32
		{B246418C-0057-44D7-AACD-CD466F84BF0C}.Release|x64.ActiveCfg = Release|x64
		{B246418C-0057-44D7-AACD-CD466F84BF0C}.Release|x64.Build.0 = Release|x64
		{B246418C-0057-44D7-AACD-CD466F84BF0C}.Release|x86.ActiveCfg = Release|Win32
		{B246418C-0057-44D7-AACD-CD466F84BF0C}.Release|x86.Build.0 = Release|Win32
		{C1F8BCFA-6ECC-4727-87EB-AEBC22E1D4B1}.Debug|x64.ActiveCfg = Debug|x64
		{C1F8BCFA-6ECC-4727-87EB-AEBC22E1D4B1}.Debug|x64.Build.0 = Debug|x64
		{C1F8BCFA-6ECC-4727-87EB-AEBC22E1D4B1}.Debug|x86.ActiveCfg = Debug|Win32
		{C1F8BCFA-6ECC-4727-87EB-AEBC22E1D4B1}.Debug|x86.Build.0 = Debug|Win32
		{C1F8BCFA-6ECC-4727-87EB-AEBC22E1D4B1}.Release|x64.ActiveCfg = Release|x64
		{C1F8BCFA-6ECC-4727-87EB-AEBC22E1D4B1}.Release|x64.Build.0 = Release|x64
		{C1F8BCFA-6ECC-4727-87EB-AEBC22E1D4B1}.Release|x86.ActiveCfg = Release|Win32
		{C1F8BCFA-6ECC-4727-87EB-AEBC22E1D4B1}.Release|x86.Build.0 = Release|Win32
		{54655487-CDAA-45F3-AAD5-438753864533}.Debug|x64.ActiveCfg = Debug|x64
		{54655487-CDAA-45F3-AAD5-438753864533}.Debug|x64.Build.0 = Debug|x64
		{54655487-CDAA-45F3-AAD5-438753864533}.Debug|x86.ActiveCfg = Debug|Win32
		{54655487-CDAA-45F3-AAD5-438753864533}.Debug|x86.Build.0 = Debug|Win32
		{54655487-CDAA-45F3-AAD5-438753864533}.Release|x64.ActiveCfg = Release|x64
		{54655487-CDAA-45F3-AAD5-438753864533}.Release|x64.Build.0 = Release|x64
		{54655487-CDAA-45F3-AAD5-438753864533}.Release|x86.ActiveCfg = Release|Win32
		{54655487-CDAA-45F3-AAD5-438753864533}.Release|x86.Build.0 = Release|Win32
		{13201053-B121-476E-81EF-FB6A2344AD71}.Debug|x64.ActiveCfg = Debug|x64
		{13201053-B121-476E-81EF-FB6A2344AD71}.Debug|x64.Build.0 = Debug|x64
		{13201053-B121-476E-81EF-FB6A2344AD71}.Debug|x86.ActiveCfg = Debug|Win32
		{13201053-B121-476E-81EF-FB6A2344AD71}.Debug|x86.Build.0 = Debug|Win32
		{13201053-B121-476E-81EF-FB6A2344AD71}.Release|x64.ActiveCfg = Release|x64
		{13201053-B121-476E-81EF-FB6A2344AD71}.Release|x64.Build.0 = Release|x64
		{13201053-B121-476E-81EF-FB6A2344AD71}.Release|x86.ActiveCfg = Release|Win32
		{13201053-B121-476E-81EF-FB6A2344AD71}.Release|x86.Build.0 = Release|Win32
		{7A2E2853-760C-4CA5-8DC7-799D29E5599D}.Debug|x64.ActiveCfg = Debug|x64
		{7A2E2853-760C-4CA5-8DC7-799D29E5599D}.Debug|x64.Build.0 = Debug|x64
		{7A2E2853-760C-4CA5-8DC7-799D29E5599D}.Debug|x86.ActiveCfg = Debug|Win32
		{7A2E2853-760C-4CA5-8DC7-799D29E5599D}.Debug|x86.Build.0 = Debug|Win32
		{7A2E2853-760C-4CA5-8DC7-799D29E5599D}.Release|x64.ActiveCfg = Release|x64
		{7A2E2853-760C-4CA5-8DC7-799D29E5599D}.Release|x64.Build.0 = Release|x64
		{7A2E2853-760C-4CA5-8DC7-799D29E5599D}.Release|x86.ActiveCfg = Release|Win32
		{7A2E2853-760C-4CA5-8DC7-799D29E5599D}.Release|x86.Build.0 = Release|Win32
		{78CCAE4C-3240-4221-A892-91E0A7F6FA5B}.Debug|x64.ActiveCfg = Debug|x64
		{78CCAE4C-3240-4221-A892-91E0A7F6FA5B}.Debug|x64.Build.0 = Debug|x64
		{78CCAE4C-3240-4221-A892-91E0A7F6FA5B}.Debug|x86.ActiveCfg = Debug|Win32
		{78CCAE4C-3240-4221-A892-91E0A7F6FA5B}.Debug|x86.Build.0 = Debug|Win32
		{78CCAE4C-3240-4221-A892-91E0A7F6FA5B}.Release|x64.ActiveCfg = Release|x64
		{78CCAE4C-3240-4221-A892-91E0A7F6FA5B}.Release|x64.Build.0 = Release|x64
		{78CCAE4C-3240-4221-A892-91E0A7F6FA5B}.Release|x86.ActiveCfg = Release|Win32
		{78CCAE4C-3240-4221-A892-91E0A7F6FA5B}.Release|x86.Build.0 = Release|Win32
		{0A6CC156-016B-4882-8E84-5E63639F3BC1}.Debug|x64.ActiveCfg = Debug|x64
		{0A6CC156-016B-4882-8E84-5E63639F3BC1}.Debug|x64.Build.0 = Debug|x64
		{0A6CC156-016B-4882-8E84-5E63639F3BC1}.Debug|x86.ActiveCfg = Debug|Win32
		{0A6CC156-016B-4882-8E84-5E63639F3BC1}.Debug|x86.Build.0 = Debug|Win32
		{0A6CC156-016B-4882-8E84-5E63639F3BC1}.Release|x64.ActiveCfg = Release|x64
		{0A6CC156-016B-4882-8E84-5E63639F3BC1}.Release|x64.Build.0 = Release|x64
		{0A6CC156-016B-4882-8E84-5E63639F3BC1}.Release|x86.ActiveCfg = Release|Win32
		{0A6CC156-016B-4882-8E84-5E63639F3BC1}.Release|x86.Build.0 = Release|Win32
		{61684852-1593-42A7-AF80-059EB3F711E8}.Debug|x64.ActiveCfg = Debug|x64
		{61684852-1593-42A7-AF80-059EB3F711E8}.Debug|x64.Build.0 = Debug|x64
		{61684852-1593-42A7-AF80-059EB3F711E8}.Debug|x86.ActiveCfg = Debug|Win32
		{61684852-1593-42A7-AF80-059EB3F711E8}.Debug|x86.Build.0 = Debug|Win32
		{61684852-1593-42A7-AF80-059EB3F711E8}.Release|x64.ActiveCfg = Release|x64
		{61684852-1593-42A7-AF80-059EB3F711E8}.Release|x64.Build.0 = Release|x64
		{61684852-1593-42A7-AF80-059EB3F711E8}.Release|x86.ActiveCfg = Release|Win32
		{61684852-1593-42A7-AF80-059EB3F711E8}.Release|x86.Build.0 = Release|Win32
		{7F770F87-C320-44B8-A634-FADECF4262C3}.Debug|x64.ActiveCfg = Debug|x64
		{7F770F87-C320-44B8-A634-FADECF4262C3}.Debug|x64.Build.0 = Debug|x64
		{7F770F87-C320-44B8-A634-FADECF4262C3}.Debug|x86.ActiveCfg = Debug|Win32
		{7F770F87-C320-44B8-A634-FADECF4262C3}.Debug|x86.Build.0 = Debug|Win32
		{7F770F87-C320-44B8-A634-FADECF4262C3}.Release|x64.ActiveCfg = Release|x64
		{7F770F87-C320-44B8-A634-FADECF4262C3}.Release|x64.Build.0 = Release|x64
		{7F770F87-C320-44B8-A634-FADECF4262C3}.Release|x86.ActiveCfg = Release|Win32
		{7F770F87-C320-44B8-A634-FADECF4262C3}.Release|x86.Build.0 = Release|Win32
		{E74A2EF6-704F-4263-817E-0D2D5F11637E}.Debug|x64.ActiveCfg = Debug|x64
		{E74A2EF6-704F-4263-817E-0D2D5F11637E}.Debug|x64.Build.0 = Debug|x64
		{E74A2EF6-704F-4263-817E-0D2D5F11637E}.Debug|x86.ActiveCfg = Debug|Win32
		{E74A2EF6-704F-4263-817E-0D2D5F11637E}.Debug|x86.Build.0 = Debug|Win32
		{E74A2EF6-704F-4263-817E-0D2D5F11637E}.Release|x64.ActiveCfg = Release|x64
		{E74A2EF6-704F-4263-817E-0D2D5F11637E}.Release|x64.Build.0 = Release|x64
		{E74A2EF6-704F-4263-817E-0D2D5F11637E}.Release|x86.ActiveCfg = Release|Win32
		{E74A2EF6-704F-4263-817E-0D2D5F11637E}.Release|x86.Build.0 = Release|Win32
		{CD0945C2-3C59-4BD3-B872-CF5250367A40}.Debug|x64.ActiveCfg = Debug|x64
		{CD0945C2-3C59-4BD3-B872-CF5250367A40}.Debug|x64.Build.0 = Debug|x64
		{CD0945C2-3C59-4BD3-B872-CF5250367A40}.Debug|x86.ActiveCfg = Debug|Win32
		{CD0945C2-3C59-4BD3-B872-CF5250367A40}.Debug|x86.Build.0 = Debug|Win32
		{CD0945C2-3C59-4BD3-B872-CF5250367A40}.Release|x64.ActiveCfg = Release|x64
		{CD0945C2-3C59-4BD3-B872-CF5250367A40}.Release|x64.Build.0 = Release|x64
		{CD0945C2-3C59-4BD3-B872-CF5250367A40}.Release|x86.ActiveCfg = Release|Win32
		{CD0945C2-3C59-4BD3-B872-CF5250367A40}.Release|x86.Build.0 = Release|Win32
		{B11E62F7-ACBD-4922-A983-546482557143}.Debug|x64.ActiveCfg = Debug|x64
		{B11E62F7-ACBD-4922-A983-546482557143}.Debug|x64.Build.0 = Debug|x64
		{B11E62F7-ACBD-4922-A983-546482557143}.Debug|x86.ActiveCfg = Debug|Win32
		{B11E62F7-ACBD-4922-A983-546482557143}.Debug|x86.Build.0 = Debug|Win32
		{B11E62F7-ACBD-4922-A983-546482557143}.Release|x64.ActiveCfg = Release|x64
		{B11E62F7-ACBD-4922-A983-546482557143}.Release|x64.Build.0 = Release|x64
		{B11E62F7-ACBD-4922-A983-546482557143}.Release|x86.ActiveCfg = Release|Win32
		{B11E62F7-ACBD-4922-A983-546482557143}.Release|x86.Build.0 = Release|Win32
	EndGlobalSection
	GlobalSection(SolutionProperties) = preSolution
		HideSolutionNode = FALSE
	EndGlobalSection
EndGlobal
